
Microsoft Visual Studio Solution File, Format Version 12.00
# Visual Studio Version 17
VisualStudioVersion = 17.4.33110.190
MinimumVisualStudioVersion = 10.0.40219.1
Project("{FAE04EC0-301F-11D3-BF4B-00C04F79EFBC}") = "1.fibonnaci", "1.fibonnaci\1.fibonnaci.csproj", "{D24F7036-871C-45F1-A590-971E920D49EE}"
EndProject
Global
	GlobalSection(SolutionConfigurationPlatforms) = preSolution
		Debug|Any CPU = Debug|Any CPU
		Release|Any CPU = Release|Any CPU
	EndGlobalSection
	GlobalSection(ProjectConfigurationPlatforms) = postSolution
		{D24F7036-871C-45F1-A590-971E920D49EE}.Debug|Any CPU.ActiveCfg = Debug|Any CPU
		{D24F7036-871C-45F1-A590-971E920D49EE}.Debug|Any CPU.Build.0 = Debug|Any CPU
		{D24F7036-871C-45F1-A590-971E920D49EE}.Release|Any CPU.ActiveCfg = Release|Any CPU
		{D24F7036-871C-45F1-A590-971E920D49EE}.Release|Any CPU.Build.0 = Release|Any CPU
	EndGlobalSection
	GlobalSection(SolutionProperties) = preSolution
		HideSolutionNode = FALSE
	EndGlobalSection
	GlobalSection(ExtensibilityGlobals) = postSolution
		SolutionGuid = {C5273D46-F88C-4C07-BB6E-CA5D871E7E6E}
	EndGlobalSection
EndGlobal
