
Microsoft Visual Studio Solution File, Format Version 12.00
# Visual Studio Version 17
VisualStudioVersion = 17.4.33110.190
MinimumVisualStudioVersion = 10.0.40219.1
Project("{FAE04EC0-301F-11D3-BF4B-00C04F79EFBC}") = "ej13-stringArray", "ej13-stringArray\ej13-stringArray.csproj", "{1D7D80F6-A062-4785-B2D3-DE162D1A30DF}"
EndProject
Global
	GlobalSection(SolutionConfigurationPlatforms) = preSolution
		Debug|Any CPU = Debug|Any CPU
		Release|Any CPU = Release|Any CPU
	EndGlobalSection
	GlobalSection(ProjectConfigurationPlatforms) = postSolution
		{1D7D80F6-A062-4785-B2D3-DE162D1A30DF}.Debug|Any CPU.ActiveCfg = Debug|Any CPU
		{1D7D80F6-A062-4785-B2D3-DE162D1A30DF}.Debug|Any CPU.Build.0 = Debug|Any CPU
		{1D7D80F6-A062-4785-B2D3-DE162D1A30DF}.Release|Any CPU.ActiveCfg = Release|Any CPU
		{1D7D80F6-A062-4785-B2D3-DE162D1A30DF}.Release|Any CPU.Build.0 = Release|Any CPU
	EndGlobalSection
	GlobalSection(SolutionProperties) = preSolution
		HideSolutionNode = FALSE
	EndGlobalSection
	GlobalSection(ExtensibilityGlobals) = postSolution
		SolutionGuid = {46817220-0A5A-4735-B528-8F5FC05AB3C2}
	EndGlobalSection
EndGlobal
