
Microsoft Visual Studio Solution File, Format Version 12.00
# Visual Studio Version 17
VisualStudioVersion = 17.4.33110.190
MinimumVisualStudioVersion = 10.0.40219.1
Project("{FAE04EC0-301F-11D3-BF4B-00C04F79EFBC}") = "testLinq", "testLinq\testLinq.csproj", "{A90DA818-9897-417A-8EAF-93792A82D572}"
EndProject
Global
	GlobalSection(SolutionConfigurationPlatforms) = preSolution
		Debug|Any CPU = Debug|Any CPU
		Release|Any CPU = Release|Any CPU
	EndGlobalSection
	GlobalSection(ProjectConfigurationPlatforms) = postSolution
		{A90DA818-9897-417A-8EAF-93792A82D572}.Debug|Any CPU.ActiveCfg = Debug|Any CPU
		{A90DA818-9897-417A-8EAF-93792A82D572}.Debug|Any CPU.Build.0 = Debug|Any CPU
		{A90DA818-9897-417A-8EAF-93792A82D572}.Release|Any CPU.ActiveCfg = Release|Any CPU
		{A90DA818-9897-417A-8EAF-93792A82D572}.Release|Any CPU.Build.0 = Release|Any CPU
	EndGlobalSection
	GlobalSection(SolutionProperties) = preSolution
		HideSolutionNode = FALSE
	EndGlobalSection
	GlobalSection(ExtensibilityGlobals) = postSolution
		SolutionGuid = {FCC1AB0D-316A-4ABB-9F94-097991CF5F96}
	EndGlobalSection
EndGlobal
