
Microsoft Visual Studio Solution File, Format Version 12.00
# Visual Studio Version 17
VisualStudioVersion = 17.4.33110.190
MinimumVisualStudioVersion = 10.0.40219.1
Project("{FAE04EC0-301F-11D3-BF4B-00C04F79EFBC}") = "ex2-minimumLenght", "ex2-minimumLenght\ex2-minimumLenght.csproj", "{58788856-BD47-4F05-9346-E5BFC1CBDF5B}"
EndProject
Global
	GlobalSection(SolutionConfigurationPlatforms) = preSolution
		Debug|Any CPU = Debug|Any CPU
		Release|Any CPU = Release|Any CPU
	EndGlobalSection
	GlobalSection(ProjectConfigurationPlatforms) = postSolution
		{58788856-BD47-4F05-9346-E5BFC1CBDF5B}.Debug|Any CPU.ActiveCfg = Debug|Any CPU
		{58788856-BD47-4F05-9346-E5BFC1CBDF5B}.Debug|Any CPU.Build.0 = Debug|Any CPU
		{58788856-BD47-4F05-9346-E5BFC1CBDF5B}.Release|Any CPU.ActiveCfg = Release|Any CPU
		{58788856-BD47-4F05-9346-E5BFC1CBDF5B}.Release|Any CPU.Build.0 = Release|Any CPU
	EndGlobalSection
	GlobalSection(SolutionProperties) = preSolution
		HideSolutionNode = FALSE
	EndGlobalSection
	GlobalSection(ExtensibilityGlobals) = postSolution
		SolutionGuid = {76BB6F99-95CA-4EE6-9A0E-CB625A1D505E}
	EndGlobalSection
EndGlobal
