
Microsoft Visual Studio Solution File, Format Version 12.00
# Visual Studio Version 17
VisualStudioVersion = 17.4.33110.190
MinimumVisualStudioVersion = 10.0.40219.1
Project("{FAE04EC0-301F-11D3-BF4B-00C04F79EFBC}") = "4.Chained query operators", "4.Chained query operators\4.Chained query operators.csproj", "{44D2AF2F-13C7-435F-8E6C-7D63608ED571}"
EndProject
Global
	GlobalSection(SolutionConfigurationPlatforms) = preSolution
		Debug|Any CPU = Debug|Any CPU
		Release|Any CPU = Release|Any CPU
	EndGlobalSection
	GlobalSection(ProjectConfigurationPlatforms) = postSolution
		{44D2AF2F-13C7-435F-8E6C-7D63608ED571}.Debug|Any CPU.ActiveCfg = Debug|Any CPU
		{44D2AF2F-13C7-435F-8E6C-7D63608ED571}.Debug|Any CPU.Build.0 = Debug|Any CPU
		{44D2AF2F-13C7-435F-8E6C-7D63608ED571}.Release|Any CPU.ActiveCfg = Release|Any CPU
		{44D2AF2F-13C7-435F-8E6C-7D63608ED571}.Release|Any CPU.Build.0 = Release|Any CPU
	EndGlobalSection
	GlobalSection(SolutionProperties) = preSolution
		HideSolutionNode = FALSE
	EndGlobalSection
	GlobalSection(ExtensibilityGlobals) = postSolution
		SolutionGuid = {910575B8-F788-49AA-8156-40D6E534042F}
	EndGlobalSection
EndGlobal
