
Microsoft Visual Studio Solution File, Format Version 12.00
# Visual Studio Version 17
VisualStudioVersion = 17.4.33110.190
MinimumVisualStudioVersion = 10.0.40219.1
Project("{FAE04EC0-301F-11D3-BF4B-00C04F79EFBC}") = "ex4-squareGreaterThan20", "ex4-squareGreaterThan20\ex4-squareGreaterThan20.csproj", "{51F79C89-A696-4F31-8AFC-3C60B3C410FF}"
EndProject
Global
	GlobalSection(SolutionConfigurationPlatforms) = preSolution
		Debug|Any CPU = Debug|Any CPU
		Release|Any CPU = Release|Any CPU
	EndGlobalSection
	GlobalSection(ProjectConfigurationPlatforms) = postSolution
		{51F79C89-A696-4F31-8AFC-3C60B3C410FF}.Debug|Any CPU.ActiveCfg = Debug|Any CPU
		{51F79C89-A696-4F31-8AFC-3C60B3C410FF}.Debug|Any CPU.Build.0 = Debug|Any CPU
		{51F79C89-A696-4F31-8AFC-3C60B3C410FF}.Release|Any CPU.ActiveCfg = Release|Any CPU
		{51F79C89-A696-4F31-8AFC-3C60B3C410FF}.Release|Any CPU.Build.0 = Release|Any CPU
	EndGlobalSection
	GlobalSection(SolutionProperties) = preSolution
		HideSolutionNode = FALSE
	EndGlobalSection
	GlobalSection(ExtensibilityGlobals) = postSolution
		SolutionGuid = {4BBB62BB-FB67-4810-B0E6-3B75742E5069}
	EndGlobalSection
EndGlobal
