
Microsoft Visual Studio Solution File, Format Version 12.00
# Visual Studio Version 17
VisualStudioVersion = 17.4.33110.190
MinimumVisualStudioVersion = 10.0.40219.1
Project("{FAE04EC0-301F-11D3-BF4B-00C04F79EFBC}") = "ex9-decryptNumber", "ex9-decryptNumber\ex9-decryptNumber.csproj", "{27C5BDB3-E896-44D1-A923-A9682424C572}"
EndProject
Global
	GlobalSection(SolutionConfigurationPlatforms) = preSolution
		Debug|Any CPU = Debug|Any CPU
		Release|Any CPU = Release|Any CPU
	EndGlobalSection
	GlobalSection(ProjectConfigurationPlatforms) = postSolution
		{27C5BDB3-E896-44D1-A923-A9682424C572}.Debug|Any CPU.ActiveCfg = Debug|Any CPU
		{27C5BDB3-E896-44D1-A923-A9682424C572}.Debug|Any CPU.Build.0 = Debug|Any CPU
		{27C5BDB3-E896-44D1-A923-A9682424C572}.Release|Any CPU.ActiveCfg = Release|Any CPU
		{27C5BDB3-E896-44D1-A923-A9682424C572}.Release|Any CPU.Build.0 = Release|Any CPU
	EndGlobalSection
	GlobalSection(SolutionProperties) = preSolution
		HideSolutionNode = FALSE
	EndGlobalSection
	GlobalSection(ExtensibilityGlobals) = postSolution
		SolutionGuid = {E9F7E17A-9E5D-4C19-8EEC-61130CD5EA4B}
	EndGlobalSection
EndGlobal
