
Microsoft Visual Studio Solution File, Format Version 12.00
# Visual Studio Version 17
VisualStudioVersion = 17.4.33110.190
MinimumVisualStudioVersion = 10.0.40219.1
Project("{FAE04EC0-301F-11D3-BF4B-00C04F79EFBC}") = "ej10-membersOFlist", "ej10-membersOFlist\ej10-membersOFlist.csproj", "{D8977F55-CED0-477A-B21D-7CFD3407F423}"
EndProject
Global
	GlobalSection(SolutionConfigurationPlatforms) = preSolution
		Debug|Any CPU = Debug|Any CPU
		Release|Any CPU = Release|Any CPU
	EndGlobalSection
	GlobalSection(ProjectConfigurationPlatforms) = postSolution
		{D8977F55-CED0-477A-B21D-7CFD3407F423}.Debug|Any CPU.ActiveCfg = Debug|Any CPU
		{D8977F55-CED0-477A-B21D-7CFD3407F423}.Debug|Any CPU.Build.0 = Debug|Any CPU
		{D8977F55-CED0-477A-B21D-7CFD3407F423}.Release|Any CPU.ActiveCfg = Release|Any CPU
		{D8977F55-CED0-477A-B21D-7CFD3407F423}.Release|Any CPU.Build.0 = Release|Any CPU
	EndGlobalSection
	GlobalSection(SolutionProperties) = preSolution
		HideSolutionNode = FALSE
	EndGlobalSection
	GlobalSection(ExtensibilityGlobals) = postSolution
		SolutionGuid = {7DDA1172-E686-4C49-BEFA-DB8790E6F38A}
	EndGlobalSection
EndGlobal
